{
  "nodes": {
    "flake-utils": {
      "inputs": {
        "systems": "systems"
      },
      "locked": {
        "lastModified": 1705309234,
        "narHash": "sha256-uNRRNRKmJyCRC/8y1RqBkqWBLM034y4qN7EprSdmgyA=",
        "owner": "numtide",
        "repo": "flake-utils",
        "rev": "1ef2e671c3b0c19053962c07dbda38332dcebf26",
        "type": "github"
      },
      "original": {
        "owner": "numtide",
        "repo": "flake-utils",
        "type": "github"
      }
    },
    "home-manager": {
      "inputs": {
        "nixpkgs": [
          "nixpkgs"
        ]
      },
      "locked": {
        "lastModified": 1716457508,
        "narHash": "sha256-ZxzffLuWRyuMrkVVq7wastNUqeO0HJL9xqfY1QsYaqo=",
        "owner": "nix-community",
        "repo": "home-manager",
        "rev": "850cb322046ef1a268449cf1ceda5fd24d930b05",
        "type": "github"
      },
      "original": {
        "owner": "nix-community",
        "repo": "home-manager",
        "type": "github"
      }
    },
    "linux-style": {
      "flake": false,
      "locked": {
        "narHash": "sha256-jX+nbXsW6t4oYaxY21yJ9pT+lS7CqNlbJ7/utOAlbqo=",
        "type": "file",
        "url": "https://raw.githubusercontent.com/torvalds/linux/master/.clang-format"
      },
      "original": {
        "type": "file",
        "url": "https://raw.githubusercontent.com/torvalds/linux/master/.clang-format"
      }
    },
    "nixpkgs": {
      "locked": {
        "lastModified": 1716330097,
        "narHash": "sha256-8BO3B7e3BiyIDsaKA0tY8O88rClYRTjvAp66y+VBUeU=",
        "owner": "NixOS",
        "repo": "nixpkgs",
        "rev": "5710852ba686cc1fd0d3b8e22b3117d43ba374c2",
        "type": "github"
      },
      "original": {
        "owner": "NixOS",
        "ref": "nixos-unstable",
        "repo": "nixpkgs",
        "type": "github"
      }
    },
    "nixpkgs-esp-dev": {
      "inputs": {
        "flake-utils": "flake-utils",
        "nixpkgs": "nixpkgs_2"
      },
      "locked": {
        "lastModified": 1711158269,
        "narHash": "sha256-KEbZ88PloMeUd7s+JskJDQz2Z6xXoCbrTQ1no3aaGzs=",
        "owner": "mirrexagon",
        "repo": "nixpkgs-esp-dev",
        "rev": "7972602ad6bff6c87ec84b0467acfc7ea2046501",
        "type": "github"
      },
      "original": {
        "owner": "mirrexagon",
        "repo": "nixpkgs-esp-dev",
        "rev": "7972602ad6bff6c87ec84b0467acfc7ea2046501",
        "type": "github"
      }
    },
    "nixpkgs-stable": {
      "locked": {
        "lastModified": 1716061101,
        "narHash": "sha256-H0eCta7ahEgloGIwE/ihkyGstOGu+kQwAiHvwVoXaA0=",
        "owner": "NixOS",
        "repo": "nixpkgs",
        "rev": "e7cc61784ddf51c81487637b3031a6dd2d6673a2",
        "type": "github"
      },
      "original": {
        "owner": "NixOS",
        "ref": "release-23.11",
        "repo": "nixpkgs",
        "type": "github"
      }
    },
    "nixpkgs_2": {
      "locked": {
        "lastModified": 1707205916,
        "narHash": "sha256-fmRJilYGlB7VCt3XsdYxrA0u8e/K84O5xYucerUY0iM=",
        "owner": "NixOS",
        "repo": "nixpkgs",
        "rev": "8cc79aa39bbc6eaedaf286ae655b224c71e02907",
        "type": "github"
      },
      "original": {
        "id": "nixpkgs",
        "ref": "nixpkgs-unstable",
        "type": "indirect"
      }
    },
    "root": {
      "inputs": {
        "home-manager": "home-manager",
        "linux-style": "linux-style",
        "nixpkgs": "nixpkgs",
        "nixpkgs-esp-dev": "nixpkgs-esp-dev",
        "sops-nix": "sops-nix",
        "wallpaper": "wallpaper"
      }
    },
    "sops-nix": {
      "inputs": {
        "nixpkgs": [
          "nixpkgs"
        ],
        "nixpkgs-stable": "nixpkgs-stable"
      },
      "locked": {
        "lastModified": 1716400300,
        "narHash": "sha256-0lMkIk9h3AzOHs1dCL9RXvvN4PM8VBKb+cyGsqOKa4c=",
        "owner": "Mic92",
        "repo": "sops-nix",
        "rev": "b549832718b8946e875c016a4785d204fcfc2e53",
        "type": "github"
      },
      "original": {
        "owner": "Mic92",
        "repo": "sops-nix",
        "type": "github"
      }
    },
    "systems": {
      "locked": {
        "lastModified": 1681028828,
        "narHash": "sha256-Vy1rq5AaRuLzOxct8nz4T6wlgyUR7zLU309k9mBC768=",
        "owner": "nix-systems",
        "repo": "default",
        "rev": "da67096a3b9bf56a91d16901293e51ba5b49a27e",
        "type": "github"
      },
      "original": {
        "owner": "nix-systems",
        "repo": "default",
        "type": "github"
      }
    },
    "wallpaper": {
      "flake": false,
      "locked": {
        "lastModified": 1708970522,
        "narHash": "sha256-9BgptEojZhPQEq0Hs2+6se5OeGWqEoSJFfmEy4p2HE4=",
        "owner": "Cryxtalix",
        "repo": "Wallpapers",
        "rev": "e7dfb5ac56222d56a20b2d9402588d49db0c8929",
        "type": "github"
      },
      "original": {
        "owner": "Cryxtalix",
        "repo": "Wallpapers",
        "type": "github"
      }
    }
  },
  "root": "root",
  "version": 7
}
